
Microsoft Visual Studio Solution File, Format Version 12.00
# Visual Studio Version 17
VisualStudioVersion = 17.10.34928.147
MinimumVisualStudioVersion = 10.0.40219.1
Project("{FAE04EC0-301F-11D3-BF4B-00C04F79EFBC}") = "DatabazeAppPereverten", "DatabazeAppPereverten\DatabazeAppPereverten.csproj", "{4DA4D9E3-0E04-4B33-8202-2D773D3C1090}"
EndProject
Global
	GlobalSection(SolutionConfigurationPlatforms) = preSolution
		Debug|Any CPU = Debug|Any CPU
		Release|Any CPU = Release|Any CPU
	EndGlobalSection
	GlobalSection(ProjectConfigurationPlatforms) = postSolution
		{4DA4D9E3-0E04-4B33-8202-2D773D3C1090}.Debug|Any CPU.ActiveCfg = Debug|Any CPU
		{4DA4D9E3-0E04-4B33-8202-2D773D3C1090}.Debug|Any CPU.Build.0 = Debug|Any CPU
		{4DA4D9E3-0E04-4B33-8202-2D773D3C1090}.Release|Any CPU.ActiveCfg = Release|Any CPU
		{4DA4D9E3-0E04-4B33-8202-2D773D3C1090}.Release|Any CPU.Build.0 = Release|Any CPU
	EndGlobalSection
	GlobalSection(SolutionProperties) = preSolution
		HideSolutionNode = FALSE
	EndGlobalSection
	GlobalSection(ExtensibilityGlobals) = postSolution
		SolutionGuid = {F8756728-2B39-496F-AF92-FB5ED3C0B3A5}
	EndGlobalSection
EndGlobal
